{
  "name": "Kavita",
  "lockfileVersion": 2,
  "requires": true,
  "packages": {
    "": {
      "dependencies": {
        "@angular-slider/ngx-slider": "^2.0.4",
        "@angular/core": "^14.1.1",
        "@iharbeck/ngx-virtual-scroller": "^14.0.4",
        "nvm": "^0.0.4"
      }
    },
    "node_modules/@angular-slider/ngx-slider": {
      "version": "2.0.4",
      "resolved": "https://registry.npmjs.org/@angular-slider/ngx-slider/-/ngx-slider-2.0.4.tgz",
      "integrity": "sha512-EccMcGlb2bJJWikXZBjRwdWgRiYYmWd3UCgf8l3KAlyqPAxPVgxI73wqipp4/nZwidq53a9s3OB+KC79enfM2A==",
      "dependencies": {
        "detect-passive-events": "^2.0.3",
        "rxjs": "^6.5.2",
        "tslib": "^1.9.0"
      },
      "peerDependencies": {
        "@angular/common": ">=6.1.0",
        "@angular/core": ">=6.1.0",
        "@angular/forms": ">=6.1.0"
      }
    },
    "node_modules/@angular-slider/ngx-slider/node_modules/rxjs": {
      "version": "6.6.7",
      "resolved": "https://registry.npmjs.org/rxjs/-/rxjs-6.6.7.tgz",
      "integrity": "sha512-hTdwr+7yYNIT5n4AMYp85KA6yw2Va0FLa3Rguvbpa4W3I5xynaBZo41cM3XM+4Q6fRMj3sBYIR1VAmZMXYJvRQ==",
      "dependencies": {
        "tslib": "^1.9.0"
      },
      "engines": {
        "npm": ">=2.0.0"
      }
    },
    "node_modules/@angular/common": {
      "version": "14.1.1",
      "resolved": "https://registry.npmjs.org/@angular/common/-/common-14.1.1.tgz",
      "integrity": "sha512-neFCnrIrGOuj3oOFBTLi4QrdI4fgKQprVLUEyL5LhCQ5R0K/F+gh61ovi7nT4XYnv41p4eqtG81YNMtVXH49pg==",
      "peer": true,
      "dependencies": {
        "tslib": "^2.3.0"
      },
      "engines": {
        "node": "^14.15.0 || >=16.10.0"
      },
      "peerDependencies": {
        "@angular/core": "14.1.1",
        "rxjs": "^6.5.3 || ^7.4.0"
      }
    },
    "node_modules/@angular/common/node_modules/tslib": {
      "version": "2.4.0",
      "resolved": "https://registry.npmjs.org/tslib/-/tslib-2.4.0.tgz",
      "integrity": "sha512-d6xOpEDfsi2CZVlPQzGeux8XMwLT9hssAsaPYExaQMuYskwb+x1x7J371tWlbBdWHroy99KnVB6qIkUbs5X3UQ==",
      "peer": true
    },
    "node_modules/@angular/core": {
      "version": "14.1.1",
      "resolved": "https://registry.npmjs.org/@angular/core/-/core-14.1.1.tgz",
      "integrity": "sha512-l3ms6/jxIUIeuCkXhz5nhRb94KLQ6wv9+B4lE0aJXcgHTqOmhc/ZIacT51LCjvVcok/vczF3f7w71Ii8b10yKQ==",
      "dependencies": {
        "tslib": "^2.3.0"
      },
      "engines": {
        "node": "^14.15.0 || >=16.10.0"
      },
      "peerDependencies": {
        "rxjs": "^6.5.3 || ^7.4.0",
        "zone.js": "~0.11.4"
      }
    },
    "node_modules/@angular/core/node_modules/tslib": {
      "version": "2.4.0",
      "resolved": "https://registry.npmjs.org/tslib/-/tslib-2.4.0.tgz",
      "integrity": "sha512-d6xOpEDfsi2CZVlPQzGeux8XMwLT9hssAsaPYExaQMuYskwb+x1x7J371tWlbBdWHroy99KnVB6qIkUbs5X3UQ=="
    },
    "node_modules/@angular/forms": {
      "version": "14.1.1",
      "resolved": "https://registry.npmjs.org/@angular/forms/-/forms-14.1.1.tgz",
      "integrity": "sha512-s4VuaivJ+s2hLlE8CMHLsAAmJNV/03EgBEJQV7rt1H0ogHs0jB/zlkzVw5K5bynCFkfIeDbwd6RvxzWhwE+ong==",
      "peer": true,
      "dependencies": {
        "tslib": "^2.3.0"
      },
      "engines": {
        "node": "^14.15.0 || >=16.10.0"
      },
      "peerDependencies": {
        "@angular/common": "14.1.1",
        "@angular/core": "14.1.1",
        "@angular/platform-browser": "14.1.1",
        "rxjs": "^6.5.3 || ^7.4.0"
      }
    },
    "node_modules/@angular/forms/node_modules/tslib": {
      "version": "2.4.0",
      "resolved": "https://registry.npmjs.org/tslib/-/tslib-2.4.0.tgz",
      "integrity": "sha512-d6xOpEDfsi2CZVlPQzGeux8XMwLT9hssAsaPYExaQMuYskwb+x1x7J371tWlbBdWHroy99KnVB6qIkUbs5X3UQ==",
      "peer": true
    },
    "node_modules/@angular/platform-browser": {
      "version": "14.1.1",
      "resolved": "https://registry.npmjs.org/@angular/platform-browser/-/platform-browser-14.1.1.tgz",
      "integrity": "sha512-7yXr2GUiI1sD3kmKcWkHwlpmsRyA3WhwJqvjvMPQK4RD8ZeJ5LTOD6nQ4hz1kP19dfzpBDV/k9wusYDlmWtqcw==",
      "peer": true,
      "dependencies": {
        "tslib": "^2.3.0"
      },
      "engines": {
        "node": "^14.15.0 || >=16.10.0"
      },
      "peerDependencies": {
        "@angular/animations": "14.1.1",
        "@angular/common": "14.1.1",
        "@angular/core": "14.1.1"
      },
      "peerDependenciesMeta": {
        "@angular/animations": {
          "optional": true
        }
      }
    },
    "node_modules/@angular/platform-browser/node_modules/tslib": {
      "version": "2.4.0",
      "resolved": "https://registry.npmjs.org/tslib/-/tslib-2.4.0.tgz",
      "integrity": "sha512-d6xOpEDfsi2CZVlPQzGeux8XMwLT9hssAsaPYExaQMuYskwb+x1x7J371tWlbBdWHroy99KnVB6qIkUbs5X3UQ==",
      "peer": true
    },
    "node_modules/@iharbeck/ngx-virtual-scroller": {
      "version": "14.0.4",
      "resolved": "https://registry.npmjs.org/@iharbeck/ngx-virtual-scroller/-/ngx-virtual-scroller-14.0.4.tgz",
      "integrity": "sha512-y+Uh3F3Cc6SJq0eTcf0R7gZkWgetr3cYeY1iWp0iHT7jv6h0R9Dp/uIZCkIrChHTcHE4ACEH8rL4cWMU3KCj7w==",
      "dependencies": {
        "tslib": "^2.3.0"
      },
      "peerDependencies": {
        "@angular/common": "^14.0.0",
        "@angular/core": "^14.0.0",
        "@tweenjs/tween.js": "^18.6.4"
      }
    },
    "node_modules/@iharbeck/ngx-virtual-scroller/node_modules/tslib": {
      "version": "2.4.0",
      "resolved": "https://registry.npmjs.org/tslib/-/tslib-2.4.0.tgz",
      "integrity": "sha512-d6xOpEDfsi2CZVlPQzGeux8XMwLT9hssAsaPYExaQMuYskwb+x1x7J371tWlbBdWHroy99KnVB6qIkUbs5X3UQ=="
    },
    "node_modules/@tweenjs/tween.js": {
      "version": "18.6.4",
      "resolved": "https://registry.npmjs.org/@tweenjs/tween.js/-/tween.js-18.6.4.tgz",
      "integrity": "sha512-lB9lMjuqjtuJrx7/kOkqQBtllspPIN+96OvTCeJ2j5FEzinoAXTdAMFnDAQT1KVPRlnYfBrqxtqP66vDM40xxQ==",
      "peer": true
    },
    "node_modules/detect-it": {
      "version": "4.0.1",
      "resolved": "https://registry.npmjs.org/detect-it/-/detect-it-4.0.1.tgz",
      "integrity": "sha512-dg5YBTJYvogK1+dA2mBUDKzOWfYZtHVba89SyZUhc4+e3i2tzgjANFg5lDRCd3UOtRcw00vUTMK8LELcMdicug=="
    },
    "node_modules/detect-passive-events": {
      "version": "2.0.3",
      "resolved": "https://registry.npmjs.org/detect-passive-events/-/detect-passive-events-2.0.3.tgz",
      "integrity": "sha512-QN/1X65Axis6a9D8qg8Py9cwY/fkWAmAH/edTbmLMcv4m5dboLJ7LcAi8CfaCON2tjk904KwKX/HTdsHC6yeRg==",
      "dependencies": {
        "detect-it": "^4.0.1"
      }
    },
    "node_modules/nvm": {
      "version": "0.0.4",
      "resolved": "https://registry.npmjs.org/nvm/-/nvm-0.0.4.tgz",
      "integrity": "sha512-jvmyELykYcdyd0VCGY0E8Aqe5MngEasVvlPvrcJHbwBMUbVqa72mPdQuPzyTcykEtEx7jDrMY0QA5MoV+8EhgA==",
      "deprecated": "This is NOT the correct nvm. Visit https://nvm.sh and use the curl command to install it.",
      "bin": {
        "nvm": "bin/nvm"
      }
    },
    "node_modules/rxjs": {
      "version": "7.5.6",
      "resolved": "https://registry.npmjs.org/rxjs/-/rxjs-7.5.6.tgz",
      "integrity": "sha512-dnyv2/YsXhnm461G+R/Pe5bWP41Nm6LBXEYWI6eiFP4fiwx6WRI/CD0zbdVAudd9xwLEF2IDcKXLHit0FYjUzw==",
      "peer": true,
      "dependencies": {
        "tslib": "^2.1.0"
      }
    },
    "node_modules/rxjs/node_modules/tslib": {
      "version": "2.4.0",
      "resolved": "https://registry.npmjs.org/tslib/-/tslib-2.4.0.tgz",
      "integrity": "sha512-d6xOpEDfsi2CZVlPQzGeux8XMwLT9hssAsaPYExaQMuYskwb+x1x7J371tWlbBdWHroy99KnVB6qIkUbs5X3UQ==",
      "peer": true
    },
    "node_modules/tslib": {
      "version": "1.14.1",
      "resolved": "https://registry.npmjs.org/tslib/-/tslib-1.14.1.tgz",
      "integrity": "sha512-Xni35NKzjgMrwevysHTCArtLDpPvye8zV/0E4EyYn43P7/7qvQwPh9BGkHewbMulVntbigmcT7rdX3BNo9wRJg=="
    },
    "node_modules/zone.js": {
      "version": "0.11.7",
      "resolved": "https://registry.npmjs.org/zone.js/-/zone.js-0.11.7.tgz",
      "integrity": "sha512-e39K2EdK5JfA3FDuUTVRvPlYV4aBfnOOcGuILhQAT7nzeV12uSrLBzImUM9CDVoncDSX4brR/gwqu0heQ3BQ0g==",
      "peer": true,
      "dependencies": {
        "tslib": "^2.3.0"
      }
    },
    "node_modules/zone.js/node_modules/tslib": {
      "version": "2.4.0",
      "resolved": "https://registry.npmjs.org/tslib/-/tslib-2.4.0.tgz",
      "integrity": "sha512-d6xOpEDfsi2CZVlPQzGeux8XMwLT9hssAsaPYExaQMuYskwb+x1x7J371tWlbBdWHroy99KnVB6qIkUbs5X3UQ==",
      "peer": true
    }
  },
  "dependencies": {
    "@angular-slider/ngx-slider": {
      "version": "2.0.4",
      "resolved": "https://registry.npmjs.org/@angular-slider/ngx-slider/-/ngx-slider-2.0.4.tgz",
      "integrity": "sha512-EccMcGlb2bJJWikXZBjRwdWgRiYYmWd3UCgf8l3KAlyqPAxPVgxI73wqipp4/nZwidq53a9s3OB+KC79enfM2A==",
      "requires": {
        "detect-passive-events": "^2.0.3",
        "rxjs": "^6.5.2",
        "tslib": "^1.9.0"
      },
      "dependencies": {
        "rxjs": {
          "version": "6.6.7",
          "resolved": "https://registry.npmjs.org/rxjs/-/rxjs-6.6.7.tgz",
          "integrity": "sha512-hTdwr+7yYNIT5n4AMYp85KA6yw2Va0FLa3Rguvbpa4W3I5xynaBZo41cM3XM+4Q6fRMj3sBYIR1VAmZMXYJvRQ==",
          "requires": {
            "tslib": "^1.9.0"
          }
        }
      }
    },
    "@angular/common": {
      "version": "14.1.1",
      "resolved": "https://registry.npmjs.org/@angular/common/-/common-14.1.1.tgz",
      "integrity": "sha512-neFCnrIrGOuj3oOFBTLi4QrdI4fgKQprVLUEyL5LhCQ5R0K/F+gh61ovi7nT4XYnv41p4eqtG81YNMtVXH49pg==",
      "peer": true,
      "requires": {
        "tslib": "^2.3.0"
      },
      "dependencies": {
        "tslib": {
          "version": "2.4.0",
          "resolved": "https://registry.npmjs.org/tslib/-/tslib-2.4.0.tgz",
          "integrity": "sha512-d6xOpEDfsi2CZVlPQzGeux8XMwLT9hssAsaPYExaQMuYskwb+x1x7J371tWlbBdWHroy99KnVB6qIkUbs5X3UQ==",
          "peer": true
        }
      }
    },
    "@angular/core": {
      "version": "14.1.1",
      "resolved": "https://registry.npmjs.org/@angular/core/-/core-14.1.1.tgz",
      "integrity": "sha512-l3ms6/jxIUIeuCkXhz5nhRb94KLQ6wv9+B4lE0aJXcgHTqOmhc/ZIacT51LCjvVcok/vczF3f7w71Ii8b10yKQ==",
      "requires": {
        "tslib": "^2.3.0"
      },
      "dependencies": {
        "tslib": {
          "version": "2.4.0",
          "resolved": "https://registry.npmjs.org/tslib/-/tslib-2.4.0.tgz",
          "integrity": "sha512-d6xOpEDfsi2CZVlPQzGeux8XMwLT9hssAsaPYExaQMuYskwb+x1x7J371tWlbBdWHroy99KnVB6qIkUbs5X3UQ=="
        }
      }
    },
    "@angular/forms": {
      "version": "14.1.1",
      "resolved": "https://registry.npmjs.org/@angular/forms/-/forms-14.1.1.tgz",
      "integrity": "sha512-s4VuaivJ+s2hLlE8CMHLsAAmJNV/03EgBEJQV7rt1H0ogHs0jB/zlkzVw5K5bynCFkfIeDbwd6RvxzWhwE+ong==",
      "peer": true,
      "requires": {
        "tslib": "^2.3.0"
      },
      "dependencies": {
        "tslib": {
          "version": "2.4.0",
          "resolved": "https://registry.npmjs.org/tslib/-/tslib-2.4.0.tgz",
          "integrity": "sha512-d6xOpEDfsi2CZVlPQzGeux8XMwLT9hssAsaPYExaQMuYskwb+x1x7J371tWlbBdWHroy99KnVB6qIkUbs5X3UQ==",
          "peer": true
        }
      }
    },
    "@angular/platform-browser": {
      "version": "14.1.1",
      "resolved": "https://registry.npmjs.org/@angular/platform-browser/-/platform-browser-14.1.1.tgz",
      "integrity": "sha512-7yXr2GUiI1sD3kmKcWkHwlpmsRyA3WhwJqvjvMPQK4RD8ZeJ5LTOD6nQ4hz1kP19dfzpBDV/k9wusYDlmWtqcw==",
      "peer": true,
      "requires": {
        "tslib": "^2.3.0"
      },
      "dependencies": {
        "tslib": {
          "version": "2.4.0",
          "resolved": "https://registry.npmjs.org/tslib/-/tslib-2.4.0.tgz",
          "integrity": "sha512-d6xOpEDfsi2CZVlPQzGeux8XMwLT9hssAsaPYExaQMuYskwb+x1x7J371tWlbBdWHroy99KnVB6qIkUbs5X3UQ==",
          "peer": true
        }
      }
    },
    "@iharbeck/ngx-virtual-scroller": {
      "version": "14.0.4",
      "resolved": "https://registry.npmjs.org/@iharbeck/ngx-virtual-scroller/-/ngx-virtual-scroller-14.0.4.tgz",
      "integrity": "sha512-y+Uh3F3Cc6SJq0eTcf0R7gZkWgetr3cYeY1iWp0iHT7jv6h0R9Dp/uIZCkIrChHTcHE4ACEH8rL4cWMU3KCj7w==",
      "requires": {
        "tslib": "^2.3.0"
      },
      "dependencies": {
        "tslib": {
          "version": "2.4.0",
          "resolved": "https://registry.npmjs.org/tslib/-/tslib-2.4.0.tgz",
          "integrity": "sha512-d6xOpEDfsi2CZVlPQzGeux8XMwLT9hssAsaPYExaQMuYskwb+x1x7J371tWlbBdWHroy99KnVB6qIkUbs5X3UQ=="
        }
      }
    },
    "@tweenjs/tween.js": {
      "version": "18.6.4",
      "resolved": "https://registry.npmjs.org/@tweenjs/tween.js/-/tween.js-18.6.4.tgz",
      "integrity": "sha512-lB9lMjuqjtuJrx7/kOkqQBtllspPIN+96OvTCeJ2j5FEzinoAXTdAMFnDAQT1KVPRlnYfBrqxtqP66vDM40xxQ==",
      "peer": true
    },
    "detect-it": {
      "version": "4.0.1",
      "resolved": "https://registry.npmjs.org/detect-it/-/detect-it-4.0.1.tgz",
      "integrity": "sha512-dg5YBTJYvogK1+dA2mBUDKzOWfYZtHVba89SyZUhc4+e3i2tzgjANFg5lDRCd3UOtRcw00vUTMK8LELcMdicug=="
    },
    "detect-passive-events": {
      "version": "2.0.3",
      "resolved": "https://registry.npmjs.org/detect-passive-events/-/detect-passive-events-2.0.3.tgz",
      "integrity": "sha512-QN/1X65Axis6a9D8qg8Py9cwY/fkWAmAH/edTbmLMcv4m5dboLJ7LcAi8CfaCON2tjk904KwKX/HTdsHC6yeRg==",
      "requires": {
        "detect-it": "^4.0.1"
      }
    },
    "nvm": {
      "version": "0.0.4",
      "resolved": "https://registry.npmjs.org/nvm/-/nvm-0.0.4.tgz",
      "integrity": "sha512-jvmyELykYcdyd0VCGY0E8Aqe5MngEasVvlPvrcJHbwBMUbVqa72mPdQuPzyTcykEtEx7jDrMY0QA5MoV+8EhgA=="
    },
    "rxjs": {
      "version": "7.5.6",
      "resolved": "https://registry.npmjs.org/rxjs/-/rxjs-7.5.6.tgz",
      "integrity": "sha512-dnyv2/YsXhnm461G+R/Pe5bWP41Nm6LBXEYWI6eiFP4fiwx6WRI/CD0zbdVAudd9xwLEF2IDcKXLHit0FYjUzw==",
      "peer": true,
      "requires": {
        "tslib": "^2.1.0"
      },
      "dependencies": {
        "tslib": {
          "version": "2.4.0",
          "resolved": "https://registry.npmjs.org/tslib/-/tslib-2.4.0.tgz",
          "integrity": "sha512-d6xOpEDfsi2CZVlPQzGeux8XMwLT9hssAsaPYExaQMuYskwb+x1x7J371tWlbBdWHroy99KnVB6qIkUbs5X3UQ==",
          "peer": true
        }
      }
    },
    "tslib": {
      "version": "1.14.1",
      "resolved": "https://registry.npmjs.org/tslib/-/tslib-1.14.1.tgz",
      "integrity": "sha512-Xni35NKzjgMrwevysHTCArtLDpPvye8zV/0E4EyYn43P7/7qvQwPh9BGkHewbMulVntbigmcT7rdX3BNo9wRJg=="
    },
    "zone.js": {
      "version": "0.11.7",
      "resolved": "https://registry.npmjs.org/zone.js/-/zone.js-0.11.7.tgz",
      "integrity": "sha512-e39K2EdK5JfA3FDuUTVRvPlYV4aBfnOOcGuILhQAT7nzeV12uSrLBzImUM9CDVoncDSX4brR/gwqu0heQ3BQ0g==",
      "peer": true,
      "requires": {
        "tslib": "^2.3.0"
      },
      "dependencies": {
        "tslib": {
          "version": "2.4.0",
          "resolved": "https://registry.npmjs.org/tslib/-/tslib-2.4.0.tgz",
          "integrity": "sha512-d6xOpEDfsi2CZVlPQzGeux8XMwLT9hssAsaPYExaQMuYskwb+x1x7J371tWlbBdWHroy99KnVB6qIkUbs5X3UQ==",
          "peer": true
        }
      }
    }
  }
}
